
Microsoft Visual Studio Solution File, Format Version 12.00
# Visual Studio Version 17
VisualStudioVersion = 17.0.32126.317
MinimumVisualStudioVersion = 10.0.40219.1
Project("{9A19103F-16F7-4668-BE54-9A1E7A4F7556}") = "LinkShortening", "LinkShortening\LinkShortening.csproj", "{6709A1B8-DCDA-4DE1-96F3-B2ABE5356779}"
EndProject
Project("{9A19103F-16F7-4668-BE54-9A1E7A4F7556}") = "LoggerService", "LoggerService\LoggerService.csproj", "{61C5301D-8618-46B2-B3EA-74423CF36EDA}"
EndProject
Global
	GlobalSection(SolutionConfigurationPlatforms) = preSolution
		Debug|Any CPU = Debug|Any CPU
		Release|Any CPU = Release|Any CPU
	EndGlobalSection
	GlobalSection(ProjectConfigurationPlatforms) = postSolution
		{6709A1B8-DCDA-4DE1-96F3-B2ABE5356779}.Debug|Any CPU.ActiveCfg = Debug|Any CPU
		{6709A1B8-DCDA-4DE1-96F3-B2ABE5356779}.Debug|Any CPU.Build.0 = Debug|Any CPU
		{6709A1B8-DCDA-4DE1-96F3-B2ABE5356779}.Release|Any CPU.ActiveCfg = Release|Any CPU
		{6709A1B8-DCDA-4DE1-96F3-B2ABE5356779}.Release|Any CPU.Build.0 = Release|Any CPU
		{61C5301D-8618-46B2-B3EA-74423CF36EDA}.Debug|Any CPU.ActiveCfg = Debug|Any CPU
		{61C5301D-8618-46B2-B3EA-74423CF36EDA}.Debug|Any CPU.Build.0 = Debug|Any CPU
		{61C5301D-8618-46B2-B3EA-74423CF36EDA}.Release|Any CPU.ActiveCfg = Release|Any CPU
		{61C5301D-8618-46B2-B3EA-74423CF36EDA}.Release|Any CPU.Build.0 = Release|Any CPU
	EndGlobalSection
	GlobalSection(SolutionProperties) = preSolution
		HideSolutionNode = FALSE
	EndGlobalSection
	GlobalSection(ExtensibilityGlobals) = postSolution
		SolutionGuid = {5E270B7C-68FD-4AC9-A8D6-6497288CC45B}
	EndGlobalSection
EndGlobal
